
Microsoft Visual Studio Solution File, Format Version 12.00
# Visual Studio Version 17
VisualStudioVersion = 17.2.32630.192
MinimumVisualStudioVersion = 10.0.40219.1
Project("{8BC9CEB8-8B4A-11D0-8D11-00A0C91BC942}") = "Extra - Tic Tac Toe", "Extra - Tic Tac Toe\Extra - Tic Tac Toe.vcxproj", "{A9030048-C924-4391-9141-9A7D54524A89}"
EndProject
Global
	GlobalSection(SolutionConfigurationPlatforms) = preSolution
		Debug|x64 = Debug|x64
		Debug|x86 = Debug|x86
		Release|x64 = Release|x64
		Release|x86 = Release|x86
	EndGlobalSection
	GlobalSection(ProjectConfigurationPlatforms) = postSolution
		{A9030048-C924-4391-9141-9A7D54524A89}.Debug|x64.ActiveCfg = Debug|x64
		{A9030048-C924-4391-9141-9A7D54524A89}.Debug|x64.Build.0 = Debug|x64
		{A9030048-C924-4391-9141-9A7D54524A89}.Debug|x86.ActiveCfg = Debug|Win32
		{A9030048-C924-4391-9141-9A7D54524A89}.Debug|x86.Build.0 = Debug|Win32
		{A9030048-C924-4391-9141-9A7D54524A89}.Release|x64.ActiveCfg = Release|x64
		{A9030048-C924-4391-9141-9A7D54524A89}.Release|x64.Build.0 = Release|x64
		{A9030048-C924-4391-9141-9A7D54524A89}.Release|x86.ActiveCfg = Release|Win32
		{A9030048-C924-4391-9141-9A7D54524A89}.Release|x86.Build.0 = Release|Win32
	EndGlobalSection
	GlobalSection(SolutionProperties) = preSolution
		HideSolutionNode = FALSE
	EndGlobalSection
	GlobalSection(ExtensibilityGlobals) = postSolution
		SolutionGuid = {02ABF90C-2004-44ED-AF7B-F93998F62E97}
	EndGlobalSection
EndGlobal
